
Microsoft Visual Studio Solution File, Format Version 12.00
# Visual Studio 2013
VisualStudioVersion = 12.0.21005.1
MinimumVisualStudioVersion = 10.0.40219.1
Project("{FAE04EC0-301F-11D3-BF4B-00C04F79EFBC}") = "B6N", "B6N\B6N.csproj", "{FD9B7540-BD0D-4420-BADA-1C8BAB3D4EC1}"
EndProject
Project("{FAE04EC0-301F-11D3-BF4B-00C04F79EFBC}") = "B6NTests", "B6NTests\B6NTests.csproj", "{B086785C-7D3D-43F4-84C5-ADD5C71CC29E}"
EndProject
Global
	GlobalSection(SolutionConfigurationPlatforms) = preSolution
		Debug|Any CPU = Debug|Any CPU
		Release|Any CPU = Release|Any CPU
	EndGlobalSection
	GlobalSection(ProjectConfigurationPlatforms) = postSolution
		{FD9B7540-BD0D-4420-BADA-1C8BAB3D4EC1}.Debug|Any CPU.ActiveCfg = Debug|Any CPU
		{FD9B7540-BD0D-4420-BADA-1C8BAB3D4EC1}.Debug|Any CPU.Build.0 = Debug|Any CPU
		{FD9B7540-BD0D-4420-BADA-1C8BAB3D4EC1}.Release|Any CPU.ActiveCfg = Release|Any CPU
		{FD9B7540-BD0D-4420-BADA-1C8BAB3D4EC1}.Release|Any CPU.Build.0 = Release|Any CPU
		{B086785C-7D3D-43F4-84C5-ADD5C71CC29E}.Debug|Any CPU.ActiveCfg = Debug|Any CPU
		{B086785C-7D3D-43F4-84C5-ADD5C71CC29E}.Debug|Any CPU.Build.0 = Debug|Any CPU
		{B086785C-7D3D-43F4-84C5-ADD5C71CC29E}.Release|Any CPU.ActiveCfg = Release|Any CPU
		{B086785C-7D3D-43F4-84C5-ADD5C71CC29E}.Release|Any CPU.Build.0 = Release|Any CPU
	EndGlobalSection
	GlobalSection(SolutionProperties) = preSolution
		HideSolutionNode = FALSE
	EndGlobalSection
EndGlobal
